
Microsoft Visual Studio Solution File, Format Version 12.00
# Visual Studio 15
VisualStudioVersion = 15.0.27703.2026
MinimumVisualStudioVersion = 10.0.40219.1
Project("{FAE04EC0-301F-11D3-BF4B-00C04F79EFBC}") = "WithoutDI", "WithoutDI\WithoutDI.csproj", "{9F08B9C9-0BD8-4861-BF61-1966DA2C4E88}"
EndProject
Project("{FAE04EC0-301F-11D3-BF4B-00C04F79EFBC}") = "EntitiesWithoutDI", "Entities\EntitiesWithoutDI.csproj", "{A48FC0E0-C8F4-4025-BF98-E19DEF11A7F7}"
EndProject
Project("{FAE04EC0-301F-11D3-BF4B-00C04F79EFBC}") = "ServicesWithoutDI", "Services\ServicesWithoutDI.csproj", "{16CF8BE7-290E-4628-A9B3-F26639A1C0E8}"
EndProject
Project("{2150E333-8FDC-42A3-9474-1A3956D46DE8}") = "No DI", "No DI", "{D7C78E48-71D5-4E19-8DCE-6BBF5F53D228}"
EndProject
Project("{FAE04EC0-301F-11D3-BF4B-00C04F79EFBC}") = "WithoutDITests", "WithoutDITests\WithoutDITests.csproj", "{26BF57A5-799C-4404-B351-6496DD62FB14}"
EndProject
Global
	GlobalSection(SolutionConfigurationPlatforms) = preSolution
		Debug|Any CPU = Debug|Any CPU
		Release|Any CPU = Release|Any CPU
	EndGlobalSection
	GlobalSection(ProjectConfigurationPlatforms) = postSolution
		{9F08B9C9-0BD8-4861-BF61-1966DA2C4E88}.Debug|Any CPU.ActiveCfg = Debug|Any CPU
		{9F08B9C9-0BD8-4861-BF61-1966DA2C4E88}.Debug|Any CPU.Build.0 = Debug|Any CPU
		{9F08B9C9-0BD8-4861-BF61-1966DA2C4E88}.Release|Any CPU.ActiveCfg = Release|Any CPU
		{9F08B9C9-0BD8-4861-BF61-1966DA2C4E88}.Release|Any CPU.Build.0 = Release|Any CPU
		{A48FC0E0-C8F4-4025-BF98-E19DEF11A7F7}.Debug|Any CPU.ActiveCfg = Debug|Any CPU
		{A48FC0E0-C8F4-4025-BF98-E19DEF11A7F7}.Debug|Any CPU.Build.0 = Debug|Any CPU
		{A48FC0E0-C8F4-4025-BF98-E19DEF11A7F7}.Release|Any CPU.ActiveCfg = Release|Any CPU
		{A48FC0E0-C8F4-4025-BF98-E19DEF11A7F7}.Release|Any CPU.Build.0 = Release|Any CPU
		{16CF8BE7-290E-4628-A9B3-F26639A1C0E8}.Debug|Any CPU.ActiveCfg = Debug|Any CPU
		{16CF8BE7-290E-4628-A9B3-F26639A1C0E8}.Debug|Any CPU.Build.0 = Debug|Any CPU
		{16CF8BE7-290E-4628-A9B3-F26639A1C0E8}.Release|Any CPU.ActiveCfg = Release|Any CPU
		{16CF8BE7-290E-4628-A9B3-F26639A1C0E8}.Release|Any CPU.Build.0 = Release|Any CPU
		{26BF57A5-799C-4404-B351-6496DD62FB14}.Debug|Any CPU.ActiveCfg = Debug|Any CPU
		{26BF57A5-799C-4404-B351-6496DD62FB14}.Debug|Any CPU.Build.0 = Debug|Any CPU
		{26BF57A5-799C-4404-B351-6496DD62FB14}.Release|Any CPU.ActiveCfg = Release|Any CPU
		{26BF57A5-799C-4404-B351-6496DD62FB14}.Release|Any CPU.Build.0 = Release|Any CPU
	EndGlobalSection
	GlobalSection(SolutionProperties) = preSolution
		HideSolutionNode = FALSE
	EndGlobalSection
	GlobalSection(NestedProjects) = preSolution
		{9F08B9C9-0BD8-4861-BF61-1966DA2C4E88} = {D7C78E48-71D5-4E19-8DCE-6BBF5F53D228}
		{A48FC0E0-C8F4-4025-BF98-E19DEF11A7F7} = {D7C78E48-71D5-4E19-8DCE-6BBF5F53D228}
		{16CF8BE7-290E-4628-A9B3-F26639A1C0E8} = {D7C78E48-71D5-4E19-8DCE-6BBF5F53D228}
		{26BF57A5-799C-4404-B351-6496DD62FB14} = {D7C78E48-71D5-4E19-8DCE-6BBF5F53D228}
	EndGlobalSection
	GlobalSection(ExtensibilityGlobals) = postSolution
		SolutionGuid = {AFFC22FB-1DB1-4739-BA60-40A349053DAC}
	EndGlobalSection
EndGlobal
